
Microsoft Visual Studio Solution File, Format Version 12.00
# Visual Studio 14
VisualStudioVersion = 14.0.25420.1
MinimumVisualStudioVersion = 10.0.40219.1
Project("{888888A0-9F3D-457C-B088-3A5042F75D52}") = "FlaskFBBot", "FlaskFBBot\FlaskFBBot.pyproj", "{737FAB52-91D2-4580-A3EF-1983D1DF7ACC}"
EndProject
Global
	GlobalSection(SolutionConfigurationPlatforms) = preSolution
		Debug|Any CPU = Debug|Any CPU
		Release|Any CPU = Release|Any CPU
	EndGlobalSection
	GlobalSection(ProjectConfigurationPlatforms) = postSolution
		{737FAB52-91D2-4580-A3EF-1983D1DF7ACC}.Debug|Any CPU.ActiveCfg = Debug|Any CPU
		{737FAB52-91D2-4580-A3EF-1983D1DF7ACC}.Debug|Any CPU.Build.0 = Debug|Any CPU
		{737FAB52-91D2-4580-A3EF-1983D1DF7ACC}.Release|Any CPU.ActiveCfg = Release|Any CPU
		{737FAB52-91D2-4580-A3EF-1983D1DF7ACC}.Release|Any CPU.Build.0 = Release|Any CPU
	EndGlobalSection
	GlobalSection(SolutionProperties) = preSolution
		HideSolutionNode = FALSE
	EndGlobalSection
EndGlobal
